
Microsoft Visual Studio Solution File, Format Version 12.00
# Visual Studio Version 17
VisualStudioVersion = 17.1.32228.430
MinimumVisualStudioVersion = 10.0.40219.1
Project("{FAE04EC0-301F-11D3-BF4B-00C04F79EFBC}") = "Task_3", "Task_3.csproj", "{B4358637-DC9D-4F44-BFE1-8084BC8BC128}"
EndProject
Global
	GlobalSection(SolutionConfigurationPlatforms) = preSolution
		Debug|Any CPU = Debug|Any CPU
		Release|Any CPU = Release|Any CPU
	EndGlobalSection
	GlobalSection(ProjectConfigurationPlatforms) = postSolution
		{B4358637-DC9D-4F44-BFE1-8084BC8BC128}.Debug|Any CPU.ActiveCfg = Debug|Any CPU
		{B4358637-DC9D-4F44-BFE1-8084BC8BC128}.Debug|Any CPU.Build.0 = Debug|Any CPU
		{B4358637-DC9D-4F44-BFE1-8084BC8BC128}.Release|Any CPU.ActiveCfg = Release|Any CPU
		{B4358637-DC9D-4F44-BFE1-8084BC8BC128}.Release|Any CPU.Build.0 = Release|Any CPU
	EndGlobalSection
	GlobalSection(SolutionProperties) = preSolution
		HideSolutionNode = FALSE
	EndGlobalSection
	GlobalSection(ExtensibilityGlobals) = postSolution
		SolutionGuid = {D1A916CE-D477-41A1-B8C5-3C921CB7E87D}
	EndGlobalSection
EndGlobal
